
Microsoft Visual Studio Solution File, Format Version 12.00
# Visual Studio Version 17
VisualStudioVersion = 17.13.35828.75
MinimumVisualStudioVersion = 10.0.40219.1
Project("{2150E333-8FDC-42A3-9474-1A3956D46DE8}") = "Core", "Core", "{02EA681E-C7D8-13C7-8484-4AC65E1B71E8}"
EndProject
Project("{FAE04EC0-301F-11D3-BF4B-00C04F79EFBC}") = "ETicaretAPI.Domain", "Core\ETicaretAPI.Domain\ETicaretAPI.Domain.csproj", "{86A2F5EF-8C57-4459-88DE-50691F874D3F}"
EndProject
Project("{FAE04EC0-301F-11D3-BF4B-00C04F79EFBC}") = "ETicaretAPI.Application", "Core\ETicaretAPI.Application\ETicaretAPI.Application.csproj", "{B6FDF753-78D5-4D7A-942B-8DC6E4343F0F}"
EndProject
Project("{2150E333-8FDC-42A3-9474-1A3956D46DE8}") = "Infrastructure", "Infrastructure", "{68030E95-4BE9-4C12-BCF8-11B32EA0ABB9}"
EndProject
Project("{FAE04EC0-301F-11D3-BF4B-00C04F79EFBC}") = "ETicaretAPI.Infrastructure", "Infrastructure\ETicaretAPI.Infrastructure\ETicaretAPI.Infrastructure.csproj", "{09D453ED-B0D3-49DA-AAA3-C1207CA86E80}"
EndProject
Project("{FAE04EC0-301F-11D3-BF4B-00C04F79EFBC}") = "ETicaretAPI.Persistance", "Infrastructure\ETicaretAPI.Persistance\ETicaretAPI.Persistance.csproj", "{02CFF4DF-E229-4802-885E-AA9DDFA01D76}"
EndProject
Project("{2150E333-8FDC-42A3-9474-1A3956D46DE8}") = "Presentation", "Presentation", "{B9111FD2-737F-4B66-BE58-B6A3C4910207}"
EndProject
Project("{FAE04EC0-301F-11D3-BF4B-00C04F79EFBC}") = "ETicaretAPI.API", "Presentation\ETicaretAPI.API\ETicaretAPI.API.csproj", "{7AAE59E6-4CE4-4BCD-B74A-4879504B8E30}"
EndProject
Project("{2150E333-8FDC-42A3-9474-1A3956D46DE8}") = "Solution Items", "Solution Items", "{8EC462FD-D22E-90A8-E5CE-7E832BA40C5D}"
	ProjectSection(SolutionItems) = preProject
		Google_login_test.html = Google_login_test.html
	EndProjectSection
EndProject
Project("{FAE04EC0-301F-11D3-BF4B-00C04F79EFBC}") = "ETicaretAPI.SignalR", "Infrastructure\ETicaretAPI.SignalR\ETicaretAPI.SignalR.csproj", "{FAC70A65-E3C4-46FE-AF05-07495A902F3D}"
EndProject
Global
	GlobalSection(SolutionConfigurationPlatforms) = preSolution
		Debug|Any CPU = Debug|Any CPU
		Release|Any CPU = Release|Any CPU
	EndGlobalSection
	GlobalSection(ProjectConfigurationPlatforms) = postSolution
		{86A2F5EF-8C57-4459-88DE-50691F874D3F}.Debug|Any CPU.ActiveCfg = Debug|Any CPU
		{86A2F5EF-8C57-4459-88DE-50691F874D3F}.Debug|Any CPU.Build.0 = Debug|Any CPU
		{86A2F5EF-8C57-4459-88DE-50691F874D3F}.Release|Any CPU.ActiveCfg = Release|Any CPU
		{86A2F5EF-8C57-4459-88DE-50691F874D3F}.Release|Any CPU.Build.0 = Release|Any CPU
		{B6FDF753-78D5-4D7A-942B-8DC6E4343F0F}.Debug|Any CPU.ActiveCfg = Debug|Any CPU
		{B6FDF753-78D5-4D7A-942B-8DC6E4343F0F}.Debug|Any CPU.Build.0 = Debug|Any CPU
		{B6FDF753-78D5-4D7A-942B-8DC6E4343F0F}.Release|Any CPU.ActiveCfg = Release|Any CPU
		{B6FDF753-78D5-4D7A-942B-8DC6E4343F0F}.Release|Any CPU.Build.0 = Release|Any CPU
		{09D453ED-B0D3-49DA-AAA3-C1207CA86E80}.Debug|Any CPU.ActiveCfg = Debug|Any CPU
		{09D453ED-B0D3-49DA-AAA3-C1207CA86E80}.Debug|Any CPU.Build.0 = Debug|Any CPU
		{09D453ED-B0D3-49DA-AAA3-C1207CA86E80}.Release|Any CPU.ActiveCfg = Release|Any CPU
		{09D453ED-B0D3-49DA-AAA3-C1207CA86E80}.Release|Any CPU.Build.0 = Release|Any CPU
		{02CFF4DF-E229-4802-885E-AA9DDFA01D76}.Debug|Any CPU.ActiveCfg = Debug|Any CPU
		{02CFF4DF-E229-4802-885E-AA9DDFA01D76}.Debug|Any CPU.Build.0 = Debug|Any CPU
		{02CFF4DF-E229-4802-885E-AA9DDFA01D76}.Release|Any CPU.ActiveCfg = Release|Any CPU
		{02CFF4DF-E229-4802-885E-AA9DDFA01D76}.Release|Any CPU.Build.0 = Release|Any CPU
		{7AAE59E6-4CE4-4BCD-B74A-4879504B8E30}.Debug|Any CPU.ActiveCfg = Debug|Any CPU
		{7AAE59E6-4CE4-4BCD-B74A-4879504B8E30}.Debug|Any CPU.Build.0 = Debug|Any CPU
		{7AAE59E6-4CE4-4BCD-B74A-4879504B8E30}.Release|Any CPU.ActiveCfg = Release|Any CPU
		{7AAE59E6-4CE4-4BCD-B74A-4879504B8E30}.Release|Any CPU.Build.0 = Release|Any CPU
		{FAC70A65-E3C4-46FE-AF05-07495A902F3D}.Debug|Any CPU.ActiveCfg = Debug|Any CPU
		{FAC70A65-E3C4-46FE-AF05-07495A902F3D}.Debug|Any CPU.Build.0 = Debug|Any CPU
		{FAC70A65-E3C4-46FE-AF05-07495A902F3D}.Release|Any CPU.ActiveCfg = Release|Any CPU
		{FAC70A65-E3C4-46FE-AF05-07495A902F3D}.Release|Any CPU.Build.0 = Release|Any CPU
	EndGlobalSection
	GlobalSection(SolutionProperties) = preSolution
		HideSolutionNode = FALSE
	EndGlobalSection
	GlobalSection(NestedProjects) = preSolution
		{86A2F5EF-8C57-4459-88DE-50691F874D3F} = {02EA681E-C7D8-13C7-8484-4AC65E1B71E8}
		{B6FDF753-78D5-4D7A-942B-8DC6E4343F0F} = {02EA681E-C7D8-13C7-8484-4AC65E1B71E8}
		{09D453ED-B0D3-49DA-AAA3-C1207CA86E80} = {68030E95-4BE9-4C12-BCF8-11B32EA0ABB9}
		{02CFF4DF-E229-4802-885E-AA9DDFA01D76} = {68030E95-4BE9-4C12-BCF8-11B32EA0ABB9}
		{7AAE59E6-4CE4-4BCD-B74A-4879504B8E30} = {B9111FD2-737F-4B66-BE58-B6A3C4910207}
		{FAC70A65-E3C4-46FE-AF05-07495A902F3D} = {68030E95-4BE9-4C12-BCF8-11B32EA0ABB9}
	EndGlobalSection
	GlobalSection(ExtensibilityGlobals) = postSolution
		SolutionGuid = {12A9EC91-5C9B-46DB-897E-9417D92A8012}
	EndGlobalSection
EndGlobal
